{
  "name": "wmr",
  "lockfileVersion": 2,
  "requires": true,
  "packages": {
    "": {
      "dependencies": {
        "preact": "^10.5.13",
        "preact-iso": "^2.0.2"
      },
      "devDependencies": {
        "wmr": "^2.2.2"
      }
    },
    "node_modules/preact": {
      "version": "10.5.13",
      "resolved": "https://registry.npmjs.org/preact/-/preact-10.5.13.tgz",
      "integrity": "sha512-q/vlKIGNwzTLu+jCcvywgGrt+H/1P/oIRSD6mV4ln3hmlC+Aa34C7yfPI4+5bzW8pONyVXYS7SvXosy2dKKtWQ==",
      "funding": {
        "type": "opencollective",
        "url": "https://opencollective.com/preact"
      }
    },
    "node_modules/preact-iso": {
      "version": "2.0.2",
      "resolved": "https://registry.npmjs.org/preact-iso/-/preact-iso-2.0.2.tgz",
      "integrity": "sha512-9Ct9MLRB6AnPaYZaylhOCVBnZlYZicK7LAsO01V8CbBwDLW2EJcs3rEZlnLvOhFdThtVh0mNXarKa8qHNrIs/w==",
      "peerDependencies": {
        "preact": ">=10",
        "preact-render-to-string": ">=5"
      }
    },
    "node_modules/preact-render-to-string": {
      "version": "5.1.19",
      "resolved": "https://registry.npmjs.org/preact-render-to-string/-/preact-render-to-string-5.1.19.tgz",
      "integrity": "sha512-bj8sn/oytIKO6RtOGSS/1+5CrQyRSC99eLUnEVbqUa6MzJX5dYh7wu9bmT0d6lm/Vea21k9KhCQwvr2sYN3rrQ==",
      "peer": true,
      "dependencies": {
        "pretty-format": "^3.8.0"
      },
      "peerDependencies": {
        "preact": ">=10"
      }
    },
    "node_modules/pretty-format": {
      "version": "3.8.0",
      "resolved": "https://registry.npmjs.org/pretty-format/-/pretty-format-3.8.0.tgz",
      "integrity": "sha1-v77VbV6ad2ZF9LH/eqGjrE+jw4U=",
      "peer": true
    },
    "node_modules/wmr": {
      "version": "2.2.2",
      "resolved": "https://registry.npmjs.org/wmr/-/wmr-2.2.2.tgz",
      "integrity": "sha512-jVroluRRXtTOi5fEcViLzId1tezcQACpxdarcheP2fOizl7KjM3UZa+2AZuZHkXg9cmH3VQlXE0LWD1uJDO9ZA==",
      "dev": true,
      "bin": {
        "wmr": "wmr.cjs"
      },
      "engines": {
        "node": ">=12.17.x"
      }
    }
  },
  "dependencies": {
    "preact": {
      "version": "10.5.13",
      "resolved": "https://registry.npmjs.org/preact/-/preact-10.5.13.tgz",
      "integrity": "sha512-q/vlKIGNwzTLu+jCcvywgGrt+H/1P/oIRSD6mV4ln3hmlC+Aa34C7yfPI4+5bzW8pONyVXYS7SvXosy2dKKtWQ=="
    },
    "preact-iso": {
      "version": "2.0.2",
      "resolved": "https://registry.npmjs.org/preact-iso/-/preact-iso-2.0.2.tgz",
      "integrity": "sha512-9Ct9MLRB6AnPaYZaylhOCVBnZlYZicK7LAsO01V8CbBwDLW2EJcs3rEZlnLvOhFdThtVh0mNXarKa8qHNrIs/w==",
      "requires": {}
    },
    "preact-render-to-string": {
      "version": "5.1.19",
      "resolved": "https://registry.npmjs.org/preact-render-to-string/-/preact-render-to-string-5.1.19.tgz",
      "integrity": "sha512-bj8sn/oytIKO6RtOGSS/1+5CrQyRSC99eLUnEVbqUa6MzJX5dYh7wu9bmT0d6lm/Vea21k9KhCQwvr2sYN3rrQ==",
      "peer": true,
      "requires": {
        "pretty-format": "^3.8.0"
      }
    },
    "pretty-format": {
      "version": "3.8.0",
      "resolved": "https://registry.npmjs.org/pretty-format/-/pretty-format-3.8.0.tgz",
      "integrity": "sha1-v77VbV6ad2ZF9LH/eqGjrE+jw4U=",
      "peer": true
    },
    "wmr": {
      "version": "2.2.2",
      "resolved": "https://registry.npmjs.org/wmr/-/wmr-2.2.2.tgz",
      "integrity": "sha512-jVroluRRXtTOi5fEcViLzId1tezcQACpxdarcheP2fOizl7KjM3UZa+2AZuZHkXg9cmH3VQlXE0LWD1uJDO9ZA==",
      "dev": true
    }
  }
}
